
Microsoft Visual Studio Solution File, Format Version 12.00
# Visual Studio Version 17
VisualStudioVersion = 17.14.36221.1 d17.14
MinimumVisualStudioVersion = 10.0.40219.1
Project("{FAE04EC0-301F-11D3-BF4B-00C04F79EFBC}") = "Sample2", "Sample2\Sample2.csproj", "{340900C0-C4E9-4DEB-B3CA-D4217F61B2A2}"
EndProject
Global
	GlobalSection(SolutionConfigurationPlatforms) = preSolution
		Debug|Any CPU = Debug|Any CPU
		Release|Any CPU = Release|Any CPU
	EndGlobalSection
	GlobalSection(ProjectConfigurationPlatforms) = postSolution
		{340900C0-C4E9-4DEB-B3CA-D4217F61B2A2}.Debug|Any CPU.ActiveCfg = Debug|Any CPU
		{340900C0-C4E9-4DEB-B3CA-D4217F61B2A2}.Debug|Any CPU.Build.0 = Debug|Any CPU
		{340900C0-C4E9-4DEB-B3CA-D4217F61B2A2}.Release|Any CPU.ActiveCfg = Release|Any CPU
		{340900C0-C4E9-4DEB-B3CA-D4217F61B2A2}.Release|Any CPU.Build.0 = Release|Any CPU
	EndGlobalSection
	GlobalSection(SolutionProperties) = preSolution
		HideSolutionNode = FALSE
	EndGlobalSection
	GlobalSection(ExtensibilityGlobals) = postSolution
		SolutionGuid = {562FFD50-409E-41C9-A261-F0936F7216FD}
	EndGlobalSection
EndGlobal
